{
  "originHash" : "18d9de26b1eef978e9b60f6747ccd5ec23f40069625a67142c31792554d2a4d6",
  "pins" : [
    {
      "identity" : "swift-async-dns-resolver",
      "kind" : "remoteSourceControl",
      "location" : "https://github.com/apple/swift-async-dns-resolver.git",
      "state" : {
        "revision" : "08c07ff31a745ee5e522ac10132fb4949834d925",
        "version" : "0.4.0"
      }
    }
  ],
  "version" : 3
}
