{
  "originHash" : "96e0d45ae443bfd2b83137c042febcda2762013a24905f862d8634380a95d3c6",
  "pins" : [
    {
      "identity" : "swift-async-dns-resolver",
      "kind" : "remoteSourceControl",
      "location" : "https://github.com/apple/swift-async-dns-resolver.git",
      "state" : {
        "revision" : "08c07ff31a745ee5e522ac10132fb4949834d925",
        "version" : "0.4.0"
      }
    }
  ],
  "version" : 3
}
